
Microsoft Visual Studio Solution File, Format Version 12.00
# Visual Studio Version 16
VisualStudioVersion = 16.0.30523.141
MinimumVisualStudioVersion = 10.0.40219.1
Project("{FAE04EC0-301F-11D3-BF4B-00C04F79EFBC}") = "OpenD2K", "OpenD2K\OpenD2K.csproj", "{E0F08158-D734-411B-9F74-A660BCF1E2A6}"
EndProject
Global
	GlobalSection(SolutionConfigurationPlatforms) = preSolution
		Debug|Any CPU = Debug|Any CPU
		Release|Any CPU = Release|Any CPU
	EndGlobalSection
	GlobalSection(ProjectConfigurationPlatforms) = postSolution
		{E0F08158-D734-411B-9F74-A660BCF1E2A6}.Debug|Any CPU.ActiveCfg = Debug|Any CPU
		{E0F08158-D734-411B-9F74-A660BCF1E2A6}.Debug|Any CPU.Build.0 = Debug|Any CPU
		{E0F08158-D734-411B-9F74-A660BCF1E2A6}.Release|Any CPU.ActiveCfg = Release|Any CPU
		{E0F08158-D734-411B-9F74-A660BCF1E2A6}.Release|Any CPU.Build.0 = Release|Any CPU
	EndGlobalSection
	GlobalSection(SolutionProperties) = preSolution
		HideSolutionNode = FALSE
	EndGlobalSection
	GlobalSection(ExtensibilityGlobals) = postSolution
		SolutionGuid = {9EFC3E70-5E89-4AAE-AC76-7C8529B02D77}
	EndGlobalSection
EndGlobal
